
Microsoft Visual Studio Solution File, Format Version 12.00
# Visual Studio Version 17
VisualStudioVersion = 17.1.32328.378
MinimumVisualStudioVersion = 10.0.40219.1
Project("{8BC9CEB8-8B4A-11D0-8D11-00A0C91BC942}") = "mysql_c", "mysql_c\mysql_c.vcxproj", "{BE2C330F-A3EA-4656-B720-275DD82682CB}"
EndProject
Global
	GlobalSection(SolutionConfigurationPlatforms) = preSolution
		Debug|x64 = Debug|x64
		Debug|x86 = Debug|x86
		Release|x64 = Release|x64
		Release|x86 = Release|x86
	EndGlobalSection
	GlobalSection(ProjectConfigurationPlatforms) = postSolution
		{BE2C330F-A3EA-4656-B720-275DD82682CB}.Debug|x64.ActiveCfg = Debug|x64
		{BE2C330F-A3EA-4656-B720-275DD82682CB}.Debug|x64.Build.0 = Debug|x64
		{BE2C330F-A3EA-4656-B720-275DD82682CB}.Debug|x86.ActiveCfg = Debug|Win32
		{BE2C330F-A3EA-4656-B720-275DD82682CB}.Debug|x86.Build.0 = Debug|Win32
		{BE2C330F-A3EA-4656-B720-275DD82682CB}.Release|x64.ActiveCfg = Release|x64
		{BE2C330F-A3EA-4656-B720-275DD82682CB}.Release|x64.Build.0 = Release|x64
		{BE2C330F-A3EA-4656-B720-275DD82682CB}.Release|x86.ActiveCfg = Release|Win32
		{BE2C330F-A3EA-4656-B720-275DD82682CB}.Release|x86.Build.0 = Release|Win32
	EndGlobalSection
	GlobalSection(SolutionProperties) = preSolution
		HideSolutionNode = FALSE
	EndGlobalSection
	GlobalSection(ExtensibilityGlobals) = postSolution
		SolutionGuid = {5302F1BD-2969-40D9-9C87-0F996EC11B3B}
	EndGlobalSection
EndGlobal
